
Microsoft Visual Studio Solution File, Format Version 12.00
# Visual Studio 15
VisualStudioVersion = 15.0.28010.2016
MinimumVisualStudioVersion = 10.0.40219.1
Project("{FAE04EC0-301F-11D3-BF4B-00C04F79EFBC}") = "LINQtoCSV.Core", "LINQtoCSV.Core\LINQtoCSV.Core.csproj", "{C1EB168F-76FA-44B7-93BB-32BB2688B48E}"
EndProject
Project("{FAE04EC0-301F-11D3-BF4B-00C04F79EFBC}") = "LINQtoCSV.Core.Test", "LINQtoCSV.Core.Test\LINQtoCSV.Core.Test.csproj", "{BDEF983D-24AA-413A-A8DE-39D3110F3B8C}"
EndProject
Global
	GlobalSection(SolutionConfigurationPlatforms) = preSolution
		Debug|Any CPU = Debug|Any CPU
		Release|Any CPU = Release|Any CPU
	EndGlobalSection
	GlobalSection(ProjectConfigurationPlatforms) = postSolution
		{C1EB168F-76FA-44B7-93BB-32BB2688B48E}.Debug|Any CPU.ActiveCfg = Debug|Any CPU
		{C1EB168F-76FA-44B7-93BB-32BB2688B48E}.Debug|Any CPU.Build.0 = Debug|Any CPU
		{C1EB168F-76FA-44B7-93BB-32BB2688B48E}.Release|Any CPU.ActiveCfg = Release|Any CPU
		{C1EB168F-76FA-44B7-93BB-32BB2688B48E}.Release|Any CPU.Build.0 = Release|Any CPU
		{BDEF983D-24AA-413A-A8DE-39D3110F3B8C}.Debug|Any CPU.ActiveCfg = Debug|Any CPU
		{BDEF983D-24AA-413A-A8DE-39D3110F3B8C}.Debug|Any CPU.Build.0 = Debug|Any CPU
		{BDEF983D-24AA-413A-A8DE-39D3110F3B8C}.Release|Any CPU.ActiveCfg = Release|Any CPU
		{BDEF983D-24AA-413A-A8DE-39D3110F3B8C}.Release|Any CPU.Build.0 = Release|Any CPU
	EndGlobalSection
	GlobalSection(SolutionProperties) = preSolution
		HideSolutionNode = FALSE
	EndGlobalSection
	GlobalSection(ExtensibilityGlobals) = postSolution
		SolutionGuid = {83FA5230-8324-4A68-830C-9E62ED21CF80}
	EndGlobalSection
EndGlobal
